
Microsoft Visual Studio Solution File, Format Version 12.00
Project("{FAE04EC0-301F-11D3-BF4B-00C04F79EFBC}") = "ToolKit", "ToolKit\ToolKit.csproj", "{F1CF8918-AEF0-43EA-9BF9-05127FC5B9F6}"
EndProject
Project("{FAE04EC0-301F-11D3-BF4B-00C04F79EFBC}") = "ToolKit.Testspace", "ToolKit.Testspace\ToolKit.Testspace.csproj", "{F8293DA0-5207-4AA8-AD13-AC61E29023AB}"
EndProject
Global
	GlobalSection(SolutionConfigurationPlatforms) = preSolution
		Debug|Any CPU = Debug|Any CPU
		Release|Any CPU = Release|Any CPU
	EndGlobalSection
	GlobalSection(ProjectConfigurationPlatforms) = postSolution
		{F1CF8918-AEF0-43EA-9BF9-05127FC5B9F6}.Debug|Any CPU.ActiveCfg = Debug|Any CPU
		{F1CF8918-AEF0-43EA-9BF9-05127FC5B9F6}.Debug|Any CPU.Build.0 = Debug|Any CPU
		{F1CF8918-AEF0-43EA-9BF9-05127FC5B9F6}.Release|Any CPU.ActiveCfg = Release|Any CPU
		{F1CF8918-AEF0-43EA-9BF9-05127FC5B9F6}.Release|Any CPU.Build.0 = Release|Any CPU
		{F8293DA0-5207-4AA8-AD13-AC61E29023AB}.Debug|Any CPU.ActiveCfg = Debug|Any CPU
		{F8293DA0-5207-4AA8-AD13-AC61E29023AB}.Debug|Any CPU.Build.0 = Debug|Any CPU
		{F8293DA0-5207-4AA8-AD13-AC61E29023AB}.Release|Any CPU.ActiveCfg = Release|Any CPU
		{F8293DA0-5207-4AA8-AD13-AC61E29023AB}.Release|Any CPU.Build.0 = Release|Any CPU
	EndGlobalSection
EndGlobal
